
Microsoft Visual Studio Solution File, Format Version 12.00
# Visual Studio Version 17
VisualStudioVersion = 17.11.35312.102
MinimumVisualStudioVersion = 10.0.40219.1
Project("{FAE04EC0-301F-11D3-BF4B-00C04F79EFBC}") = "ReadyForAnExam", "ReadyForAnExam.csproj", "{B255FEA4-AA41-492F-A543-A239ADC46001}"
EndProject
Global
	GlobalSection(SolutionConfigurationPlatforms) = preSolution
		Debug|Any CPU = Debug|Any CPU
		Release|Any CPU = Release|Any CPU
	EndGlobalSection
	GlobalSection(ProjectConfigurationPlatforms) = postSolution
		{B255FEA4-AA41-492F-A543-A239ADC46001}.Debug|Any CPU.ActiveCfg = Debug|Any CPU
		{B255FEA4-AA41-492F-A543-A239ADC46001}.Debug|Any CPU.Build.0 = Debug|Any CPU
		{B255FEA4-AA41-492F-A543-A239ADC46001}.Release|Any CPU.ActiveCfg = Release|Any CPU
		{B255FEA4-AA41-492F-A543-A239ADC46001}.Release|Any CPU.Build.0 = Release|Any CPU
	EndGlobalSection
	GlobalSection(SolutionProperties) = preSolution
		HideSolutionNode = FALSE
	EndGlobalSection
	GlobalSection(ExtensibilityGlobals) = postSolution
		SolutionGuid = {AAE9EA25-4F30-4AE1-93D9-63D3C9F2E8CC}
	EndGlobalSection
EndGlobal
